
Microsoft Visual Studio Solution File, Format Version 12.00
# Visual Studio 15
Project("{FAE04EC0-301F-11D3-BF4B-00C04F79EFBC}") = "CFXREditor", "CFXREditor.csproj", "{8AE012D0-B234-D0A1-907D-59518D9F4AB8}"
EndProject
Project("{FAE04EC0-301F-11D3-BF4B-00C04F79EFBC}") = "CFXRRuntime", "CFXRRuntime.csproj", "{5B28214D-0CBE-4A0B-4599-90C3A4FA2F39}"
EndProject
Project("{FAE04EC0-301F-11D3-BF4B-00C04F79EFBC}") = "Assembly-CSharp", "Assembly-CSharp.csproj", "{490E9270-8982-6A7D-F522-EDE01221DDFD}"
EndProject
Project("{FAE04EC0-301F-11D3-BF4B-00C04F79EFBC}") = "CFXR.WelcomeScreen", "CFXR.WelcomeScreen.csproj", "{A431E11A-218E-8E51-2E8C-A706F802E9C6}"
EndProject
Project("{FAE04EC0-301F-11D3-BF4B-00C04F79EFBC}") = "CFXRDemo", "CFXRDemo.csproj", "{66A3C239-AAEF-90E5-AA66-7F6DB784D8AD}"
EndProject
Project("{FAE04EC0-301F-11D3-BF4B-00C04F79EFBC}") = "ToonyColorsPro.Demo.Editor", "ToonyColorsPro.Demo.Editor.csproj", "{8213DA5D-1978-5B92-E246-56B476D1F8F1}"
EndProject
Project("{FAE04EC0-301F-11D3-BF4B-00C04F79EFBC}") = "KinoBloom.Runtime", "KinoBloom.Runtime.csproj", "{1C20105D-B798-430A-BAB7-5F3381C1F232}"
EndProject
Global
	GlobalSection(SolutionConfigurationPlatforms) = preSolution
		Debug|Any CPU = Debug|Any CPU
		Release|Any CPU = Release|Any CPU
	EndGlobalSection
	GlobalSection(ProjectConfigurationPlatforms) = postSolution
		{8AE012D0-B234-D0A1-907D-59518D9F4AB8}.Debug|Any CPU.ActiveCfg = Debug|Any CPU
		{8AE012D0-B234-D0A1-907D-59518D9F4AB8}.Debug|Any CPU.Build.0 = Debug|Any CPU
		{8AE012D0-B234-D0A1-907D-59518D9F4AB8}.Release|Any CPU.ActiveCfg = Release|Any CPU
		{8AE012D0-B234-D0A1-907D-59518D9F4AB8}.Release|Any CPU.Build.0 = Release|Any CPU
		{5B28214D-0CBE-4A0B-4599-90C3A4FA2F39}.Debug|Any CPU.ActiveCfg = Debug|Any CPU
		{5B28214D-0CBE-4A0B-4599-90C3A4FA2F39}.Debug|Any CPU.Build.0 = Debug|Any CPU
		{5B28214D-0CBE-4A0B-4599-90C3A4FA2F39}.Release|Any CPU.ActiveCfg = Release|Any CPU
		{5B28214D-0CBE-4A0B-4599-90C3A4FA2F39}.Release|Any CPU.Build.0 = Release|Any CPU
		{490E9270-8982-6A7D-F522-EDE01221DDFD}.Debug|Any CPU.ActiveCfg = Debug|Any CPU
		{490E9270-8982-6A7D-F522-EDE01221DDFD}.Debug|Any CPU.Build.0 = Debug|Any CPU
		{490E9270-8982-6A7D-F522-EDE01221DDFD}.Release|Any CPU.ActiveCfg = Release|Any CPU
		{490E9270-8982-6A7D-F522-EDE01221DDFD}.Release|Any CPU.Build.0 = Release|Any CPU
		{A431E11A-218E-8E51-2E8C-A706F802E9C6}.Debug|Any CPU.ActiveCfg = Debug|Any CPU
		{A431E11A-218E-8E51-2E8C-A706F802E9C6}.Debug|Any CPU.Build.0 = Debug|Any CPU
		{A431E11A-218E-8E51-2E8C-A706F802E9C6}.Release|Any CPU.ActiveCfg = Release|Any CPU
		{A431E11A-218E-8E51-2E8C-A706F802E9C6}.Release|Any CPU.Build.0 = Release|Any CPU
		{66A3C239-AAEF-90E5-AA66-7F6DB784D8AD}.Debug|Any CPU.ActiveCfg = Debug|Any CPU
		{66A3C239-AAEF-90E5-AA66-7F6DB784D8AD}.Debug|Any CPU.Build.0 = Debug|Any CPU
		{66A3C239-AAEF-90E5-AA66-7F6DB784D8AD}.Release|Any CPU.ActiveCfg = Release|Any CPU
		{66A3C239-AAEF-90E5-AA66-7F6DB784D8AD}.Release|Any CPU.Build.0 = Release|Any CPU
		{8213DA5D-1978-5B92-E246-56B476D1F8F1}.Debug|Any CPU.ActiveCfg = Debug|Any CPU
		{8213DA5D-1978-5B92-E246-56B476D1F8F1}.Debug|Any CPU.Build.0 = Debug|Any CPU
		{8213DA5D-1978-5B92-E246-56B476D1F8F1}.Release|Any CPU.ActiveCfg = Release|Any CPU
		{8213DA5D-1978-5B92-E246-56B476D1F8F1}.Release|Any CPU.Build.0 = Release|Any CPU
		{1C20105D-B798-430A-BAB7-5F3381C1F232}.Debug|Any CPU.ActiveCfg = Debug|Any CPU
		{1C20105D-B798-430A-BAB7-5F3381C1F232}.Debug|Any CPU.Build.0 = Debug|Any CPU
		{1C20105D-B798-430A-BAB7-5F3381C1F232}.Release|Any CPU.ActiveCfg = Release|Any CPU
		{1C20105D-B798-430A-BAB7-5F3381C1F232}.Release|Any CPU.Build.0 = Release|Any CPU
	EndGlobalSection
	GlobalSection(SolutionProperties) = preSolution
		HideSolutionNode = FALSE
	EndGlobalSection
EndGlobal
